{
  "name": "resources",
  "version": "1.0.0",
  "lockfileVersion": 3,
  "requires": true,
  "packages": {
    "": {
      "name": "resources",
      "version": "1.0.0",
      "license": "ISC",
      "dependencies": {
        "mystmd": "^1.2.3"
      }
    },
    "node_modules/mystmd": {
      "version": "1.2.3",
      "resolved": "https://registry.npmjs.org/mystmd/-/mystmd-1.2.3.tgz",
      "integrity": "sha512-Gr+ZEVl7/X9aPfKXdgtsAN417181PcC8RhJKS7F1IrOolqIdDKn1s5i5dmW1beyAV3hSiy4Ny/ExWMfAx1qLVw==",
      "bin": {
        "myst": "dist/myst.cjs"
      }
    }
  }
}
